
Microsoft Visual Studio Solution File, Format Version 12.00
# Visual Studio Version 17
VisualStudioVersion = 17.0.31903.59
MinimumVisualStudioVersion = 10.0.40219.1
Project("{9A19103F-16F7-4668-BE54-9A1E7A4F7556}") = "ImeSense.ShaderPlayground", "src\ImeSense.ShaderPlayground\ImeSense.ShaderPlayground.csproj", "{035FF1F7-0619-4B46-8D70-32031A61CFF7}"
EndProject
Project("{2150E333-8FDC-42A3-9474-1A3956D46DE8}") = "Solution Items", "Solution Items", "{1FD7345E-4D82-4CC0-9A38-A1F5B53110B0}"
	ProjectSection(SolutionItems) = preProject
		.editorconfig = .editorconfig
		.gitignore = .gitignore
		Directory.Build.props = Directory.Build.props
		LICENSE = LICENSE
		README.md = README.md
		Settings.XamlStyler = Settings.XamlStyler
	EndProjectSection
EndProject
Project("{9A19103F-16F7-4668-BE54-9A1E7A4F7556}") = "ImeSense.ShaderPlayground.Interop", "src\ImeSense.ShaderPlayground.Interop\ImeSense.ShaderPlayground.Interop.csproj", "{ED7B8BB1-B5BC-4C7D-A24D-2227B1AAAB67}"
EndProject
Global
	GlobalSection(SolutionConfigurationPlatforms) = preSolution
		Debug|Any CPU = Debug|Any CPU
		Release|Any CPU = Release|Any CPU
	EndGlobalSection
	GlobalSection(ProjectConfigurationPlatforms) = postSolution
		{035FF1F7-0619-4B46-8D70-32031A61CFF7}.Debug|Any CPU.ActiveCfg = Debug|Any CPU
		{035FF1F7-0619-4B46-8D70-32031A61CFF7}.Debug|Any CPU.Build.0 = Debug|Any CPU
		{035FF1F7-0619-4B46-8D70-32031A61CFF7}.Release|Any CPU.ActiveCfg = Release|Any CPU
		{035FF1F7-0619-4B46-8D70-32031A61CFF7}.Release|Any CPU.Build.0 = Release|Any CPU
		{ED7B8BB1-B5BC-4C7D-A24D-2227B1AAAB67}.Debug|Any CPU.ActiveCfg = Debug|Any CPU
		{ED7B8BB1-B5BC-4C7D-A24D-2227B1AAAB67}.Debug|Any CPU.Build.0 = Debug|Any CPU
		{ED7B8BB1-B5BC-4C7D-A24D-2227B1AAAB67}.Release|Any CPU.ActiveCfg = Release|Any CPU
		{ED7B8BB1-B5BC-4C7D-A24D-2227B1AAAB67}.Release|Any CPU.Build.0 = Release|Any CPU
	EndGlobalSection
	GlobalSection(SolutionProperties) = preSolution
		HideSolutionNode = FALSE
	EndGlobalSection
EndGlobal
