
Microsoft Visual Studio Solution File, Format Version 12.00
# Visual Studio Version 17
VisualStudioVersion = 17.7.34018.315
MinimumVisualStudioVersion = 10.0.40219.1
Project("{8BC9CEB8-8B4A-11D0-8D11-00A0C91BC942}") = "Render", "Render.vcxproj", "{E5E5F77C-E8F3-44D0-8F32-52B20C425149}"
EndProject
Global
	GlobalSection(SolutionConfigurationPlatforms) = preSolution
		Debug|x64 = Debug|x64
		Debug|x86 = Debug|x86
		Release|x64 = Release|x64
		Release|x86 = Release|x86
	EndGlobalSection
	GlobalSection(ProjectConfigurationPlatforms) = postSolution
		{E5E5F77C-E8F3-44D0-8F32-52B20C425149}.Debug|x64.ActiveCfg = Debug|x64
		{E5E5F77C-E8F3-44D0-8F32-52B20C425149}.Debug|x64.Build.0 = Debug|x64
		{E5E5F77C-E8F3-44D0-8F32-52B20C425149}.Debug|x86.ActiveCfg = Debug|Win32
		{E5E5F77C-E8F3-44D0-8F32-52B20C425149}.Debug|x86.Build.0 = Debug|Win32
		{E5E5F77C-E8F3-44D0-8F32-52B20C425149}.Release|x64.ActiveCfg = Release|x64
		{E5E5F77C-E8F3-44D0-8F32-52B20C425149}.Release|x64.Build.0 = Release|x64
		{E5E5F77C-E8F3-44D0-8F32-52B20C425149}.Release|x86.ActiveCfg = Release|Win32
		{E5E5F77C-E8F3-44D0-8F32-52B20C425149}.Release|x86.Build.0 = Release|Win32
	EndGlobalSection
	GlobalSection(SolutionProperties) = preSolution
		HideSolutionNode = FALSE
	EndGlobalSection
	GlobalSection(ExtensibilityGlobals) = postSolution
		SolutionGuid = {0E0E451D-97A7-473E-B786-CD1C6F8EF1A2}
	EndGlobalSection
EndGlobal
