<?xml version="1.0" encoding="utf-8"?>
<Project ToolsVersion="4.0" xmlns="http://schemas.microsoft.com/developer/msbuild/2003">
  <ItemGroup>
    <Filter Include="DebugUtils">
      <UniqueIdentifier>{542f35dd-6eb6-4590-9d5f-612642ebfd83}</UniqueIdentifier>
    </Filter>
    <Filter Include="Constants">
      <UniqueIdentifier>{7ccd2b29-03d6-4df8-a3a7-c9e5fd230362}</UniqueIdentifier>
    </Filter>
    <Filter Include="Resources">
      <UniqueIdentifier>{67DA6AB6-F800-4c08-8B7A-83BB121AAD01}</UniqueIdentifier>
      <Extensions>rc;ico;cur;bmp;dlg;rc2;rct;bin;rgs;gif;jpg;jpeg;jpe;resx;tiff;tif;png;wav;mfcribbon-ms</Extensions>
    </Filter>
    <Filter Include="DirectX">
      <UniqueIdentifier>{e3529c9e-5db1-4a5e-908b-3d82f19dd8c2}</UniqueIdentifier>
    </Filter>
  </ItemGroup>
  <ItemGroup>
    <ResourceCompile Include="Render.rc">
      <Filter>Resources</Filter>
    </ResourceCompile>
  </ItemGroup>
  <ItemGroup>
    <Image Include="small.ico">
      <Filter>Resources</Filter>
    </Image>
    <Image Include="Render.ico">
      <Filter>Resources</Filter>
    </Image>
  </ItemGroup>
  <ItemGroup>
    <None Include="packages.config" />
  </ItemGroup>
  <ItemGroup>
    <ClInclude Include="Resource.h" />
    <ClInclude Include="targetver.h" />
    <ClInclude Include="stdafx.h" />
    <ClInclude Include="DebugUtils\ManagerKeys.h">
      <Filter>DebugUtils</Filter>
    </ClInclude>
    <ClInclude Include="Constants\Constants.h">
      <Filter>Constants</Filter>
    </ClInclude>
    <ClInclude Include="DirectX\CreateWindowDX.h">
      <Filter>DirectX</Filter>
    </ClInclude>
    <ClInclude Include="DirectX\DirectXWndProc.h">
      <Filter>DirectX</Filter>
    </ClInclude>
    <ClInclude Include="DirectX\dx11DeviceHW.h">
      <Filter>DirectX</Filter>
    </ClInclude>
    <ClInclude Include="DirectX\dx10DeviceHW.h">
      <Filter>DirectX</Filter>
    </ClInclude>
  </ItemGroup>
  <ItemGroup>
    <ClCompile Include="stdafx.cpp" />
    <ClCompile Include="main.cpp" />
    <ClCompile Include="DebugUtils\ManagerKeys.cpp">
      <Filter>DebugUtils</Filter>
    </ClCompile>
    <ClCompile Include="Constants\Constants.cpp">
      <Filter>Constants</Filter>
    </ClCompile>
    <ClCompile Include="DirectX\CreateWindowDX.cpp">
      <Filter>DirectX</Filter>
    </ClCompile>
    <ClCompile Include="DirectX\DirectXWndProc.cpp">
      <Filter>DirectX</Filter>
    </ClCompile>
    <ClCompile Include="DirectX\dx11DeviceHW.cpp">
      <Filter>DirectX</Filter>
    </ClCompile>
    <ClCompile Include="DirectX\dx10DeviceHW.cpp">
      <Filter>DirectX</Filter>
    </ClCompile>
  </ItemGroup>
</Project>