<?xml version="1.0" encoding="utf-8"?>
<Project ToolsVersion="4.0" xmlns="http://schemas.microsoft.com/developer/msbuild/2003">
  <ItemGroup>
    <Filter Include="Resources">
      <UniqueIdentifier>{67DA6AB6-F800-4c08-8B7A-83BB121AAD01}</UniqueIdentifier>
      <Extensions>rc;ico;cur;bmp;dlg;rc2;rct;bin;rgs;gif;jpg;jpeg;jpe;resx;tiff;tif;png;wav;mfcribbon-ms</Extensions>
    </Filter>
    <Filter Include="src">
      <UniqueIdentifier>{a0c14630-ab27-4f71-a56c-92d5056a03a1}</UniqueIdentifier>
    </Filter>
    <Filter Include="src\RenderSystemDX11">
      <UniqueIdentifier>{18ee0cbf-ca58-48c9-8329-745c5eb392c8}</UniqueIdentifier>
    </Filter>
    <Filter Include="src\Common">
      <UniqueIdentifier>{56bd1f69-cafc-4bdf-bf63-762f8ae7e42e}</UniqueIdentifier>
    </Filter>
    <Filter Include="src\Frame">
      <UniqueIdentifier>{39ffd629-ced0-45a4-b6a0-07c1e33e1822}</UniqueIdentifier>
    </Filter>
    <Filter Include="src\InputSystem">
      <UniqueIdentifier>{8cd9070f-4d21-4752-b45c-2377c143792b}</UniqueIdentifier>
    </Filter>
    <Filter Include="src\RenderSystemDX10">
      <UniqueIdentifier>{f183a76b-5ea8-4198-93ff-bc1eb19f98b3}</UniqueIdentifier>
    </Filter>
    <Filter Include="src\RenderSystemGL">
      <UniqueIdentifier>{fd7e3f2b-f822-4c4c-ad1b-0b459688bdcb}</UniqueIdentifier>
    </Filter>
    <Filter Include="src\Utils">
      <UniqueIdentifier>{3252354a-6e17-4e6b-a886-4699da20fdb6}</UniqueIdentifier>
    </Filter>
    <Filter Include="src\RenderSystemDX11\Light">
      <UniqueIdentifier>{59939ba7-53c7-4ee5-9fb9-603e150d3248}</UniqueIdentifier>
    </Filter>
    <Filter Include="src\RenderSystemDX11\Shadows">
      <UniqueIdentifier>{dcad987f-81f7-4969-bf0b-12dc01ed7061}</UniqueIdentifier>
    </Filter>
    <Filter Include="src\RenderSystemDX11\Depth">
      <UniqueIdentifier>{c125defd-3fa7-4bd2-87ad-17de8bdec203}</UniqueIdentifier>
    </Filter>
    <Filter Include="src\RenderSystemDX11\Rendertarget">
      <UniqueIdentifier>{97e52c04-cd42-4db5-9689-4818f41d0360}</UniqueIdentifier>
    </Filter>
    <Filter Include="src\RenderSystemDX11\RenderView">
      <UniqueIdentifier>{f61d8081-0d21-4276-8765-ec6c0803feb3}</UniqueIdentifier>
    </Filter>
  </ItemGroup>
  <ItemGroup>
    <ResourceCompile Include="Render.rc">
      <Filter>Resources</Filter>
    </ResourceCompile>
  </ItemGroup>
  <ItemGroup>
    <Image Include="small.ico">
      <Filter>Resources</Filter>
    </Image>
    <Image Include="Render.ico">
      <Filter>Resources</Filter>
    </Image>
  </ItemGroup>
  <ItemGroup>
    <None Include="packages.config" />
  </ItemGroup>
  <ItemGroup>
    <ClInclude Include="Resource.h" />
    <ClInclude Include="targetver.h" />
    <ClInclude Include="stdafx.h" />
    <ClInclude Include="src\Common\macros.h">
      <Filter>src\Common</Filter>
    </ClInclude>
    <ClInclude Include="src\Frame\Framework.h">
      <Filter>src\Frame</Filter>
    </ClInclude>
    <ClInclude Include="src\InputSystem\InputCodes.h">
      <Filter>src\InputSystem</Filter>
    </ClInclude>
    <ClInclude Include="src\InputSystem\InputListener.h">
      <Filter>src\InputSystem</Filter>
    </ClInclude>
    <ClInclude Include="src\InputSystem\InputMgr.h">
      <Filter>src\InputSystem</Filter>
    </ClInclude>
    <ClInclude Include="src\Utils\Fps.h">
      <Filter>src\Utils</Filter>
    </ClInclude>
    <ClInclude Include="src\Utils\Log.h">
      <Filter>src\Utils</Filter>
    </ClInclude>
    <ClInclude Include="src\Utils\Timer.h">
      <Filter>src\Utils</Filter>
    </ClInclude>
    <ClInclude Include="src\Utils\Util.h">
      <Filter>src\Utils</Filter>
    </ClInclude>
    <ClInclude Include="src\RenderSystemDX11\BitmapFont.h">
      <Filter>src\RenderSystemDX11</Filter>
    </ClInclude>
    <ClInclude Include="src\RenderSystemDX11\Buffer.h">
      <Filter>src\RenderSystemDX11</Filter>
    </ClInclude>
    <ClInclude Include="src\RenderSystemDX11\Camera.h">
      <Filter>src\RenderSystemDX11</Filter>
    </ClInclude>
    <ClInclude Include="src\RenderSystemDX11\Frustum.h">
      <Filter>src\RenderSystemDX11</Filter>
    </ClInclude>
    <ClInclude Include="src\RenderSystemDX11\Image.h">
      <Filter>src\RenderSystemDX11</Filter>
    </ClInclude>
    <ClInclude Include="src\RenderSystemDX11\ms3dspec.h">
      <Filter>src\RenderSystemDX11</Filter>
    </ClInclude>
    <ClInclude Include="src\RenderSystemDX11\Render.h">
      <Filter>src\RenderSystemDX11</Filter>
    </ClInclude>
    <ClInclude Include="src\RenderSystemDX11\RenderState.h">
      <Filter>src\RenderSystemDX11</Filter>
    </ClInclude>
    <ClInclude Include="src\RenderSystemDX11\Shader.h">
      <Filter>src\RenderSystemDX11</Filter>
    </ClInclude>
    <ClInclude Include="src\RenderSystemDX11\StaticMesh.h">
      <Filter>src\RenderSystemDX11</Filter>
    </ClInclude>
    <ClInclude Include="src\RenderSystemDX11\Text.h">
      <Filter>src\RenderSystemDX11</Filter>
    </ClInclude>
    <ClInclude Include="src\RenderSystemDX11\Window.h">
      <Filter>src\RenderSystemDX11</Filter>
    </ClInclude>
    <ClInclude Include="src\D3D11_Framework.h" />
    <ClInclude Include="src\RenderSystemDX11\Light\Light.h">
      <Filter>src\RenderSystemDX11\Light</Filter>
    </ClInclude>
    <ClInclude Include="src\RenderSystemDX11\Shadows\ShadowShader.h">
      <Filter>src\RenderSystemDX11\Shadows</Filter>
    </ClInclude>
    <ClInclude Include="src\RenderSystemDX11\Depth\DepthShader.h">
      <Filter>src\RenderSystemDX11\Depth</Filter>
    </ClInclude>
    <ClInclude Include="src\InputSystem\InputOverride.h">
      <Filter>src\InputSystem</Filter>
    </ClInclude>
    <ClInclude Include="src\RenderSystemDX11\Rendertarget\RenderTarget.h">
      <Filter>src\RenderSystemDX11\Rendertarget</Filter>
    </ClInclude>
    <ClInclude Include="src\RenderSystemDX11\RenderView\RenderView.h">
      <Filter>src\RenderSystemDX11\RenderView</Filter>
    </ClInclude>
  </ItemGroup>
  <ItemGroup>
    <ClCompile Include="stdafx.cpp" />
    <ClCompile Include="main.cpp" />
    <ClCompile Include="src\Frame\Framework.cpp">
      <Filter>src\Frame</Filter>
    </ClCompile>
    <ClCompile Include="src\InputSystem\InputMgr.cpp">
      <Filter>src\InputSystem</Filter>
    </ClCompile>
    <ClCompile Include="src\Utils\Fps.cpp">
      <Filter>src\Utils</Filter>
    </ClCompile>
    <ClCompile Include="src\Utils\Log.cpp">
      <Filter>src\Utils</Filter>
    </ClCompile>
    <ClCompile Include="src\Utils\Timer.cpp">
      <Filter>src\Utils</Filter>
    </ClCompile>
    <ClCompile Include="src\RenderSystemDX11\BitmapFont.cpp">
      <Filter>src\RenderSystemDX11</Filter>
    </ClCompile>
    <ClCompile Include="src\RenderSystemDX11\Buffer.cpp">
      <Filter>src\RenderSystemDX11</Filter>
    </ClCompile>
    <ClCompile Include="src\RenderSystemDX11\Camera.cpp">
      <Filter>src\RenderSystemDX11</Filter>
    </ClCompile>
    <ClCompile Include="src\RenderSystemDX11\Frustum.cpp">
      <Filter>src\RenderSystemDX11</Filter>
    </ClCompile>
    <ClCompile Include="src\RenderSystemDX11\Image.cpp">
      <Filter>src\RenderSystemDX11</Filter>
    </ClCompile>
    <ClCompile Include="src\RenderSystemDX11\Render.cpp">
      <Filter>src\RenderSystemDX11</Filter>
    </ClCompile>
    <ClCompile Include="src\RenderSystemDX11\RenderState.cpp">
      <Filter>src\RenderSystemDX11</Filter>
    </ClCompile>
    <ClCompile Include="src\RenderSystemDX11\Shader.cpp">
      <Filter>src\RenderSystemDX11</Filter>
    </ClCompile>
    <ClCompile Include="src\RenderSystemDX11\StaticMesh.cpp">
      <Filter>src\RenderSystemDX11</Filter>
    </ClCompile>
    <ClCompile Include="src\RenderSystemDX11\Text.cpp">
      <Filter>src\RenderSystemDX11</Filter>
    </ClCompile>
    <ClCompile Include="src\RenderSystemDX11\Window.cpp">
      <Filter>src\RenderSystemDX11</Filter>
    </ClCompile>
    <ClCompile Include="src\RenderSystemDX11\Light\Light.cpp">
      <Filter>src\RenderSystemDX11\Light</Filter>
    </ClCompile>
    <ClCompile Include="src\RenderSystemDX11\Shadows\ShadowShader.cpp">
      <Filter>src\RenderSystemDX11\Shadows</Filter>
    </ClCompile>
    <ClCompile Include="src\RenderSystemDX11\Depth\DepthShader.cpp">
      <Filter>src\RenderSystemDX11\Depth</Filter>
    </ClCompile>
    <ClCompile Include="src\InputSystem\InputOverride.cpp">
      <Filter>src\InputSystem</Filter>
    </ClCompile>
    <ClCompile Include="src\RenderSystemDX11\Rendertarget\RenderTarget.cpp">
      <Filter>src\RenderSystemDX11\Rendertarget</Filter>
    </ClCompile>
    <ClCompile Include="src\RenderSystemDX11\RenderView\RenderView.cpp">
      <Filter>src\RenderSystemDX11\RenderView</Filter>
    </ClCompile>
  </ItemGroup>
</Project>